
Microsoft Visual Studio Solution File, Format Version 12.00
# Visual Studio Version 16
VisualStudioVersion = 16.0.30128.74
MinimumVisualStudioVersion = 10.0.40219.1
Project("{FAE04EC0-301F-11D3-BF4B-00C04F79EFBC}") = "CreateLinkedList", "CreateLinkedList\CreateLinkedList.csproj", "{DA0F3911-207F-4F9B-BE98-FCCC3100439E}"
EndProject
Global
	GlobalSection(SolutionConfigurationPlatforms) = preSolution
		Debug|Any CPU = Debug|Any CPU
		Release|Any CPU = Release|Any CPU
	EndGlobalSection
	GlobalSection(ProjectConfigurationPlatforms) = postSolution
		{DA0F3911-207F-4F9B-BE98-FCCC3100439E}.Debug|Any CPU.ActiveCfg = Debug|Any CPU
		{DA0F3911-207F-4F9B-BE98-FCCC3100439E}.Debug|Any CPU.Build.0 = Debug|Any CPU
		{DA0F3911-207F-4F9B-BE98-FCCC3100439E}.Release|Any CPU.ActiveCfg = Release|Any CPU
		{DA0F3911-207F-4F9B-BE98-FCCC3100439E}.Release|Any CPU.Build.0 = Release|Any CPU
	EndGlobalSection
	GlobalSection(SolutionProperties) = preSolution
		HideSolutionNode = FALSE
	EndGlobalSection
	GlobalSection(ExtensibilityGlobals) = postSolution
		SolutionGuid = {DFB5971E-6BF8-4E43-8FB6-C363A659732A}
	EndGlobalSection
EndGlobal
